
Microsoft Visual Studio Solution File, Format Version 12.00
# Visual Studio Version 17
VisualStudioVersion = 17.9.34714.143
MinimumVisualStudioVersion = 10.0.40219.1
Project("{FAE04EC0-301F-11D3-BF4B-00C04F79EFBC}") = "Philosophers", "Philosophers\Philosophers.csproj", "{F659C562-19C9-49D2-AE59-D8A1B832CD1A}"
EndProject
Global
	GlobalSection(SolutionConfigurationPlatforms) = preSolution
		Debug|Any CPU = Debug|Any CPU
		Release|Any CPU = Release|Any CPU
	EndGlobalSection
	GlobalSection(ProjectConfigurationPlatforms) = postSolution
		{F659C562-19C9-49D2-AE59-D8A1B832CD1A}.Debug|Any CPU.ActiveCfg = Debug|Any CPU
		{F659C562-19C9-49D2-AE59-D8A1B832CD1A}.Debug|Any CPU.Build.0 = Debug|Any CPU
		{F659C562-19C9-49D2-AE59-D8A1B832CD1A}.Release|Any CPU.ActiveCfg = Release|Any CPU
		{F659C562-19C9-49D2-AE59-D8A1B832CD1A}.Release|Any CPU.Build.0 = Release|Any CPU
	EndGlobalSection
	GlobalSection(SolutionProperties) = preSolution
		HideSolutionNode = FALSE
	EndGlobalSection
	GlobalSection(ExtensibilityGlobals) = postSolution
		SolutionGuid = {4A238523-5838-4055-A9BF-B85289A59616}
	EndGlobalSection
EndGlobal
